
Microsoft Visual Studio Solution File, Format Version 12.00
# Visual Studio Version 17
VisualStudioVersion = 17.13.35913.81 d17.13
MinimumVisualStudioVersion = 10.0.40219.1
Project("{FAE04EC0-301F-11D3-BF4B-00C04F79EFBC}") = "day10_winform", "day10_winform\day10_winform.csproj", "{887CC5B0-99E4-464F-8E1D-40ED1ED0DD3B}"
EndProject
Global
	GlobalSection(SolutionConfigurationPlatforms) = preSolution
		Debug|Any CPU = Debug|Any CPU
		Release|Any CPU = Release|Any CPU
	EndGlobalSection
	GlobalSection(ProjectConfigurationPlatforms) = postSolution
		{887CC5B0-99E4-464F-8E1D-40ED1ED0DD3B}.Debug|Any CPU.ActiveCfg = Debug|Any CPU
		{887CC5B0-99E4-464F-8E1D-40ED1ED0DD3B}.Debug|Any CPU.Build.0 = Debug|Any CPU
		{887CC5B0-99E4-464F-8E1D-40ED1ED0DD3B}.Release|Any CPU.ActiveCfg = Release|Any CPU
		{887CC5B0-99E4-464F-8E1D-40ED1ED0DD3B}.Release|Any CPU.Build.0 = Release|Any CPU
	EndGlobalSection
	GlobalSection(SolutionProperties) = preSolution
		HideSolutionNode = FALSE
	EndGlobalSection
	GlobalSection(ExtensibilityGlobals) = postSolution
		SolutionGuid = {8CD983CF-5721-4D11-BDC0-C121CB62849E}
	EndGlobalSection
EndGlobal
